
Microsoft Visual Studio Solution File, Format Version 12.00
# Visual Studio Version 17
VisualStudioVersion = 17.7.34031.279
MinimumVisualStudioVersion = 10.0.40219.1
Project("{FAE04EC0-301F-11D3-BF4B-00C04F79EFBC}") = "Angular.NET", "Angular.NET\Angular.NET.csproj", "{84BE22A7-D922-41F6-854D-5B42C7635E4A}"
EndProject
Global
	GlobalSection(SolutionConfigurationPlatforms) = preSolution
		Debug|Any CPU = Debug|Any CPU
		Release|Any CPU = Release|Any CPU
	EndGlobalSection
	GlobalSection(ProjectConfigurationPlatforms) = postSolution
		{84BE22A7-D922-41F6-854D-5B42C7635E4A}.Debug|Any CPU.ActiveCfg = Debug|Any CPU
		{84BE22A7-D922-41F6-854D-5B42C7635E4A}.Debug|Any CPU.Build.0 = Debug|Any CPU
		{84BE22A7-D922-41F6-854D-5B42C7635E4A}.Release|Any CPU.ActiveCfg = Release|Any CPU
		{84BE22A7-D922-41F6-854D-5B42C7635E4A}.Release|Any CPU.Build.0 = Release|Any CPU
	EndGlobalSection
	GlobalSection(SolutionProperties) = preSolution
		HideSolutionNode = FALSE
	EndGlobalSection
	GlobalSection(ExtensibilityGlobals) = postSolution
		SolutionGuid = {38EDAC92-EFA8-4AB6-A509-D726B82DFCF2}
	EndGlobalSection
EndGlobal
